{
    "_readme": [
        "This file locks the dependencies of your project to a known state",
        "Read more about it at https://getcomposer.org/doc/01-basic-usage.md#composer-lock-the-lock-file",
        "This file is @generated automatically"
    ],
    "content-hash": "61cb86bf77ed38fd392c8e9e88f815a3",
    "packages": [
        {
            "name": "lucinda/errors",
            "version": "v1.2.0",
            "source": {
                "type": "git",
                "url": "https://github.com/aherne/php-errors-api.git",
                "reference": "c5cf157123492481b61fa483529652bd8f085c29"
            },
            "dist": {
                "type": "zip",
                "url": "https://api.github.com/repos/aherne/php-errors-api/zipball/c5cf157123492481b61fa483529652bd8f085c29",
                "reference": "c5cf157123492481b61fa483529652bd8f085c29",
                "shasum": ""
            },
            "type": "library",
            "notification-url": "https://packagist.org/downloads/",
            "license": [
                "MIT"
            ],
            "authors": [
                {
                    "name": "Lucian Popescu",
                    "email": "lucian.gabriel.popescu@gmail.com",
                    "role": "Developer"
                }
            ],
            "description": "Bootstraps errors and handles them via reporters and renderers",
            "homepage": "http://www.lucinda-framework.com/errors-api",
            "keywords": [
                "aop",
                "aspect oriented programming",
                "errors",
                "handler",
                "renderer",
                "reporter"
            ],
            "time": "2018-02-02T08:25:15+00:00"
        },
        {
            "name": "lucinda/http-caching",
            "version": "v1.1.0",
            "source": {
                "type": "git",
                "url": "https://github.com/aherne/http-caching-api.git",
                "reference": "d73b85627dc9203de2a226bb0d6924ade1ec9e07"
            },
            "dist": {
                "type": "zip",
                "url": "https://api.github.com/repos/aherne/http-caching-api/zipball/d73b85627dc9203de2a226bb0d6924ade1ec9e07",
                "reference": "d73b85627dc9203de2a226bb0d6924ade1ec9e07",
                "shasum": ""
            },
            "type": "library",
            "notification-url": "https://packagist.org/downloads/",
            "license": [
                "MIT"
            ],
            "authors": [
                {
                    "name": "Lucian Popescu",
                    "email": "lucian.gabriel.popescu@gmail.com",
                    "role": "Developer"
                }
            ],
            "description": "Creates a communication platform where servers and browsers talk in language of caching",
            "homepage": "http://www.lucinda-framework.com/http-caching-api",
            "keywords": [
                "caching",
                "http"
            ],
            "time": "2018-01-28T11:50:06+00:00"
        },
        {
            "name": "lucinda/logging",
            "version": "v1.1.0",
            "source": {
                "type": "git",
                "url": "https://github.com/aherne/php-logging-api.git",
                "reference": "1ed9886e770f8d8eb1b029cabebb3e87a416b899"
            },
            "dist": {
                "type": "zip",
                "url": "https://api.github.com/repos/aherne/php-logging-api/zipball/1ed9886e770f8d8eb1b029cabebb3e87a416b899",
                "reference": "1ed9886e770f8d8eb1b029cabebb3e87a416b899",
                "shasum": ""
            },
            "type": "library",
            "notification-url": "https://packagist.org/downloads/",
            "license": [
                "MIT"
            ],
            "authors": [
                {
                    "name": "Lucian Popescu",
                    "email": "lucian.gabriel.popescu@gmail.com",
                    "role": "Developer"
                }
            ],
            "description": "Light weight logging API built with performance in mind",
            "homepage": "http://www.lucinda-framework.com/logging-api",
            "keywords": [
                "loggers",
                "logging"
            ],
            "time": "2018-01-27T15:40:26+00:00"
        },
        {
            "name": "lucinda/mvc",
            "version": "v1.4.0",
            "source": {
                "type": "git",
                "url": "https://github.com/aherne/php-servlets-api.git",
                "reference": "1460a36616d67f10f75272de0479375f792056c4"
            },
            "dist": {
                "type": "zip",
                "url": "https://api.github.com/repos/aherne/php-servlets-api/zipball/1460a36616d67f10f75272de0479375f792056c4",
                "reference": "1460a36616d67f10f75272de0479375f792056c4",
                "shasum": ""
            },
            "type": "library",
            "notification-url": "https://packagist.org/downloads/",
            "license": [
                "MIT"
            ],
            "authors": [
                {
                    "name": "Lucian Popescu",
                    "email": "lucian.gabriel.popescu@gmail.com",
                    "role": "Developer"
                }
            ],
            "description": "High performance MVC API inspired by Java Servlets & Spring MVC",
            "homepage": "http://www.lucinda-framework.com/servlets",
            "keywords": [
                "event listeners",
                "mvc",
                "servlets",
                "view resolvers"
            ],
            "time": "2018-01-30T11:02:03+00:00"
        },
        {
            "name": "lucinda/nosql-data-access",
            "version": "v1.1.0",
            "source": {
                "type": "git",
                "url": "https://github.com/aherne/php-nosql-data-access-api.git",
                "reference": "d9ba3f0bfe1701bec2858bbc951a4dacfceba7e9"
            },
            "dist": {
                "type": "zip",
                "url": "https://api.github.com/repos/aherne/php-nosql-data-access-api/zipball/d9ba3f0bfe1701bec2858bbc951a4dacfceba7e9",
                "reference": "d9ba3f0bfe1701bec2858bbc951a4dacfceba7e9",
                "shasum": ""
            },
            "type": "library",
            "notification-url": "https://packagist.org/downloads/",
            "license": [
                "MIT"
            ],
            "authors": [
                {
                    "name": "Lucian Popescu",
                    "email": "lucian.gabriel.popescu@gmail.com",
                    "role": "Developer"
                }
            ],
            "description": "Abstracts communication with NoSQL servers/solutions via drivers",
            "homepage": "http://www.lucinda-framework.com/nosql-data-access-api",
            "keywords": [
                "apc",
                "apcu",
                "couchbase",
                "driver",
                "memcache",
                "memcached",
                "nosql",
                "redis"
            ],
            "time": "2018-01-28T11:58:28+00:00"
        },
        {
            "name": "lucinda/oauth2-client",
            "version": "v1.6.0",
            "source": {
                "type": "git",
                "url": "https://github.com/aherne/oauth2client.git",
                "reference": "2dd815cd2e2a2db02c02e0663ee2bd4ffc89d0e2"
            },
            "dist": {
                "type": "zip",
                "url": "https://api.github.com/repos/aherne/oauth2client/zipball/2dd815cd2e2a2db02c02e0663ee2bd4ffc89d0e2",
                "reference": "2dd815cd2e2a2db02c02e0663ee2bd4ffc89d0e2",
                "shasum": ""
            },
            "type": "library",
            "notification-url": "https://packagist.org/downloads/",
            "license": [
                "MIT"
            ],
            "authors": [
                {
                    "name": "Lucian Popescu",
                    "email": "lucian.gabriel.popescu@gmail.com",
                    "role": "Developer"
                }
            ],
            "description": "Flexible OAuth2 client driver built on top of OAuth2 specifications, hiding complexity of OAuth2 vendors on the market.",
            "homepage": "https://github.com/aherne/oauth2client",
            "keywords": [
                "client",
                "oauth2"
            ],
            "time": "2018-01-27T14:14:34+00:00"
        },
        {
            "name": "lucinda/security",
            "version": "v1.2.0",
            "source": {
                "type": "git",
                "url": "https://github.com/aherne/php-security-api.git",
                "reference": "7704014e0879a757949cc48f37d5ac17f85eea09"
            },
            "dist": {
                "type": "zip",
                "url": "https://api.github.com/repos/aherne/php-security-api/zipball/7704014e0879a757949cc48f37d5ac17f85eea09",
                "reference": "7704014e0879a757949cc48f37d5ac17f85eea09",
                "shasum": ""
            },
            "type": "library",
            "notification-url": "https://packagist.org/downloads/",
            "license": [
                "MIT"
            ],
            "authors": [
                {
                    "name": "Lucian Popescu",
                    "email": "lucian.gabriel.popescu@gmail.com",
                    "role": "Developer"
                }
            ],
            "description": "Encapsulates web security operations on top of OWASP guidelines",
            "homepage": "http://www.lucinda-framework.com/web-security",
            "keywords": [
                "Authentication",
                "authorization",
                "dao",
                "jwt",
                "oauth2",
                "owasp",
                "security",
                "token",
                "xml"
            ],
            "time": "2018-01-28T12:05:30+00:00"
        },
        {
            "name": "lucinda/sql-data-access",
            "version": "v1.1.0",
            "source": {
                "type": "git",
                "url": "https://github.com/aherne/php-sql-data-access-api.git",
                "reference": "e0113d505bf4edfb2264207c3bc2ef0065b36bad"
            },
            "dist": {
                "type": "zip",
                "url": "https://api.github.com/repos/aherne/php-sql-data-access-api/zipball/e0113d505bf4edfb2264207c3bc2ef0065b36bad",
                "reference": "e0113d505bf4edfb2264207c3bc2ef0065b36bad",
                "shasum": ""
            },
            "type": "library",
            "notification-url": "https://packagist.org/downloads/",
            "license": [
                "MIT"
            ],
            "authors": [
                {
                    "name": "Lucian Popescu",
                    "email": "lucian.gabriel.popescu@gmail.com",
                    "role": "Developer"
                }
            ],
            "description": "Abstracts all communication with SQL servers on top of PDO",
            "homepage": "http://www.lucinda-framework.com/sql-data-access-api",
            "keywords": [
                "data access",
                "sql"
            ],
            "time": "2018-01-28T12:07:39+00:00"
        },
        {
            "name": "lucinda/view-language",
            "version": "v1.2.0",
            "source": {
                "type": "git",
                "url": "https://github.com/aherne/php-view-language-api.git",
                "reference": "58e70e685498154982372ac5fb173761c9450b41"
            },
            "dist": {
                "type": "zip",
                "url": "https://api.github.com/repos/aherne/php-view-language-api/zipball/58e70e685498154982372ac5fb173761c9450b41",
                "reference": "58e70e685498154982372ac5fb173761c9450b41",
                "shasum": ""
            },
            "type": "library",
            "notification-url": "https://packagist.org/downloads/",
            "license": [
                "MIT"
            ],
            "authors": [
                {
                    "name": "Lucian Popescu",
                    "email": "lucian.gabriel.popescu@gmail.com",
                    "role": "Developer"
                }
            ],
            "description": "High performance templating API using tags & expressions inspired by Java JSTL and C Compiler",
            "homepage": "http://www.lucinda-framework.com/view-language",
            "keywords": [
                "jstl",
                "templating",
                "views"
            ],
            "time": "2018-01-27T09:41:38+00:00"
        }
    ],
    "packages-dev": [],
    "aliases": [],
    "minimum-stability": "stable",
    "stability-flags": [],
    "prefer-stable": false,
    "prefer-lowest": false,
    "platform": [],
    "platform-dev": []
}
